{
    "_meta": {
        "hash": {
            "sha256": "a1960e93c0a5fd0bca4c71f2e9c9438d5a9274bebd75a1ce1addda1135ebe157"
        },
        "pipfile-spec": 6,
        "requires": {
            "python_version": "3.6"
        },
        "sources": [
            {
                "name": "pypi",
                "url": "https://pypi.org/simple",
                "verify_ssl": true
            }
        ]
    },
    "default": {
        "attrs": {
            "hashes": [
                "sha256:ca4be454458f9dec299268d472aaa5a11f67a4ff70093396e1ceae9c76cf4bbb"
            ],
            "index": "pypi",
            "version": "==18.2.0"
        }
    },
    "develop": {}
}
